
Microsoft Visual Studio Solution File, Format Version 12.00
# Visual Studio Version 17
VisualStudioVersion = 17.5.002.0
MinimumVisualStudioVersion = 10.0.40219.1
Project("{9A19103F-16F7-4668-BE54-9A1E7A4F7556}") = "TranslatorApp", "source\TranslatorApp\TranslatorApp.csproj", "{4D566CC4-DE78-4D68-8CE7-A201C8BB060B}"
EndProject
Project("{FAE04EC0-301F-11D3-BF4B-00C04F79EFBC}") = "TranslatorApp.Tests", "source\TranslatorApp.Tests\TranslatorApp.Tests.csproj", "{0DFCD6C5-D21B-4C58-8E87-7BC045A92E1C}"
EndProject
Project("{FAE04EC0-301F-11D3-BF4B-00C04F79EFBC}") = "Parsers", "source\Parsers\Parsers.csproj", "{2AC832EA-BA3E-94E0-26C0-4DA549D7517A}"
EndProject
Project("{FAE04EC0-301F-11D3-BF4B-00C04F79EFBC}") = "Parsers.Tests", "source\Parsers.Tests\Parsers.Tests.csproj", "{6C78AE31-31A9-3F7B-4120-214D20420090}"
EndProject
Global
	GlobalSection(SolutionConfigurationPlatforms) = preSolution
		Debug|Any CPU = Debug|Any CPU
		Release|Any CPU = Release|Any CPU
	EndGlobalSection
	GlobalSection(ProjectConfigurationPlatforms) = postSolution
		{4D566CC4-DE78-4D68-8CE7-A201C8BB060B}.Debug|Any CPU.ActiveCfg = Debug|Any CPU
		{4D566CC4-DE78-4D68-8CE7-A201C8BB060B}.Debug|Any CPU.Build.0 = Debug|Any CPU
		{4D566CC4-DE78-4D68-8CE7-A201C8BB060B}.Release|Any CPU.ActiveCfg = Release|Any CPU
		{4D566CC4-DE78-4D68-8CE7-A201C8BB060B}.Release|Any CPU.Build.0 = Release|Any CPU
		{0DFCD6C5-D21B-4C58-8E87-7BC045A92E1C}.Debug|Any CPU.ActiveCfg = Debug|Any CPU
		{0DFCD6C5-D21B-4C58-8E87-7BC045A92E1C}.Debug|Any CPU.Build.0 = Debug|Any CPU
		{0DFCD6C5-D21B-4C58-8E87-7BC045A92E1C}.Release|Any CPU.ActiveCfg = Release|Any CPU
		{0DFCD6C5-D21B-4C58-8E87-7BC045A92E1C}.Release|Any CPU.Build.0 = Release|Any CPU
		{2AC832EA-BA3E-94E0-26C0-4DA549D7517A}.Debug|Any CPU.ActiveCfg = Debug|Any CPU
		{2AC832EA-BA3E-94E0-26C0-4DA549D7517A}.Debug|Any CPU.Build.0 = Debug|Any CPU
		{2AC832EA-BA3E-94E0-26C0-4DA549D7517A}.Release|Any CPU.ActiveCfg = Release|Any CPU
		{2AC832EA-BA3E-94E0-26C0-4DA549D7517A}.Release|Any CPU.Build.0 = Release|Any CPU
		{6C78AE31-31A9-3F7B-4120-214D20420090}.Debug|Any CPU.ActiveCfg = Debug|Any CPU
		{6C78AE31-31A9-3F7B-4120-214D20420090}.Debug|Any CPU.Build.0 = Debug|Any CPU
		{6C78AE31-31A9-3F7B-4120-214D20420090}.Release|Any CPU.ActiveCfg = Release|Any CPU
		{6C78AE31-31A9-3F7B-4120-214D20420090}.Release|Any CPU.Build.0 = Release|Any CPU
	EndGlobalSection
	GlobalSection(SolutionProperties) = preSolution
		HideSolutionNode = FALSE
	EndGlobalSection
	GlobalSection(ExtensibilityGlobals) = postSolution
		SolutionGuid = {B28A5824-0E6B-4E71-8B47-73F774C02246}
	EndGlobalSection
EndGlobal
